
Microsoft Visual Studio Solution File, Format Version 12.00
# Visual Studio Version 17
VisualStudioVersion = 17.5.2.0
MinimumVisualStudioVersion = 10.0.40219.1
Project("{FAE04EC0-301F-11D3-BF4B-00C04F79EFBC}") = "MyMediaList HttpServer", "MyMediaList HttpServer.csproj", "{F0927462-482C-20DA-DDA7-3D0469825CA7}"
EndProject
Project("{FAE04EC0-301F-11D3-BF4B-00C04F79EFBC}") = "MyMediaList.Tests", "MyMediaList.Tests\MyMediaList.Tests.csproj", "{AC348756-67E0-45D5-827C-842BB3C38C65}"
EndProject
Global
	GlobalSection(SolutionConfigurationPlatforms) = preSolution
		Debug|Any CPU = Debug|Any CPU
		Debug|x64 = Debug|x64
		Debug|x86 = Debug|x86
		Release|Any CPU = Release|Any CPU
		Release|x64 = Release|x64
		Release|x86 = Release|x86
	EndGlobalSection
	GlobalSection(ProjectConfigurationPlatforms) = postSolution
		{F0927462-482C-20DA-DDA7-3D0469825CA7}.Debug|Any CPU.ActiveCfg = Debug|Any CPU
		{F0927462-482C-20DA-DDA7-3D0469825CA7}.Debug|Any CPU.Build.0 = Debug|Any CPU
		{F0927462-482C-20DA-DDA7-3D0469825CA7}.Debug|x64.ActiveCfg = Debug|Any CPU
		{F0927462-482C-20DA-DDA7-3D0469825CA7}.Debug|x64.Build.0 = Debug|Any CPU
		{F0927462-482C-20DA-DDA7-3D0469825CA7}.Debug|x86.ActiveCfg = Debug|Any CPU
		{F0927462-482C-20DA-DDA7-3D0469825CA7}.Debug|x86.Build.0 = Debug|Any CPU
		{F0927462-482C-20DA-DDA7-3D0469825CA7}.Release|Any CPU.ActiveCfg = Release|Any CPU
		{F0927462-482C-20DA-DDA7-3D0469825CA7}.Release|Any CPU.Build.0 = Release|Any CPU
		{F0927462-482C-20DA-DDA7-3D0469825CA7}.Release|x64.ActiveCfg = Release|Any CPU
		{F0927462-482C-20DA-DDA7-3D0469825CA7}.Release|x64.Build.0 = Release|Any CPU
		{F0927462-482C-20DA-DDA7-3D0469825CA7}.Release|x86.ActiveCfg = Release|Any CPU
		{F0927462-482C-20DA-DDA7-3D0469825CA7}.Release|x86.Build.0 = Release|Any CPU
		{AC348756-67E0-45D5-827C-842BB3C38C65}.Debug|Any CPU.ActiveCfg = Debug|Any CPU
		{AC348756-67E0-45D5-827C-842BB3C38C65}.Debug|Any CPU.Build.0 = Debug|Any CPU
		{AC348756-67E0-45D5-827C-842BB3C38C65}.Debug|x64.ActiveCfg = Debug|Any CPU
		{AC348756-67E0-45D5-827C-842BB3C38C65}.Debug|x64.Build.0 = Debug|Any CPU
		{AC348756-67E0-45D5-827C-842BB3C38C65}.Debug|x86.ActiveCfg = Debug|Any CPU
		{AC348756-67E0-45D5-827C-842BB3C38C65}.Debug|x86.Build.0 = Debug|Any CPU
		{AC348756-67E0-45D5-827C-842BB3C38C65}.Release|Any CPU.ActiveCfg = Release|Any CPU
		{AC348756-67E0-45D5-827C-842BB3C38C65}.Release|Any CPU.Build.0 = Release|Any CPU
		{AC348756-67E0-45D5-827C-842BB3C38C65}.Release|x64.ActiveCfg = Release|Any CPU
		{AC348756-67E0-45D5-827C-842BB3C38C65}.Release|x64.Build.0 = Release|Any CPU
		{AC348756-67E0-45D5-827C-842BB3C38C65}.Release|x86.ActiveCfg = Release|Any CPU
		{AC348756-67E0-45D5-827C-842BB3C38C65}.Release|x86.Build.0 = Release|Any CPU
	EndGlobalSection
	GlobalSection(SolutionProperties) = preSolution
		HideSolutionNode = FALSE
	EndGlobalSection
	GlobalSection(ExtensibilityGlobals) = postSolution
		SolutionGuid = {AD5BC36F-49F5-4F28-BDD1-41D04EF4411D}
	EndGlobalSection
EndGlobal
